
Microsoft Visual Studio Solution File, Format Version 12.00
# Visual Studio Version 17
VisualStudioVersion = 17.5.33424.131
MinimumVisualStudioVersion = 10.0.40219.1
Project("{FAE04EC0-301F-11D3-BF4B-00C04F79EFBC}") = "MvcCoreElastiCacheAWS", "MvcCoreElastiCacheAWS\MvcCoreElastiCacheAWS.csproj", "{30ADCF8F-0238-4610-9DCB-7E77000790D2}"
EndProject
Global
	GlobalSection(SolutionConfigurationPlatforms) = preSolution
		Debug|Any CPU = Debug|Any CPU
		Release|Any CPU = Release|Any CPU
	EndGlobalSection
	GlobalSection(ProjectConfigurationPlatforms) = postSolution
		{30ADCF8F-0238-4610-9DCB-7E77000790D2}.Debug|Any CPU.ActiveCfg = Debug|Any CPU
		{30ADCF8F-0238-4610-9DCB-7E77000790D2}.Debug|Any CPU.Build.0 = Debug|Any CPU
		{30ADCF8F-0238-4610-9DCB-7E77000790D2}.Release|Any CPU.ActiveCfg = Release|Any CPU
		{30ADCF8F-0238-4610-9DCB-7E77000790D2}.Release|Any CPU.Build.0 = Release|Any CPU
	EndGlobalSection
	GlobalSection(SolutionProperties) = preSolution
		HideSolutionNode = FALSE
	EndGlobalSection
	GlobalSection(ExtensibilityGlobals) = postSolution
		SolutionGuid = {3F478C6C-C880-4407-91E2-0C0D70FDBE3D}
	EndGlobalSection
EndGlobal
